
Microsoft Visual Studio Solution File, Format Version 12.00
# Visual Studio Version 17
VisualStudioVersion = 17.0.31903.59
MinimumVisualStudioVersion = 10.0.40219.1
Project("{2150E333-8FDC-42A3-9474-1A3956D46DE8}") = "backend", "backend", "{0EFA30A3-B71F-432F-A018-E5B1A5C410CF}"
EndProject
Project("{FAE04EC0-301F-11D3-BF4B-00C04F79EFBC}") = "Vermillion.Auth.Domain", "backend\Vermillion.Auth.Domain\Vermillion.Auth.Domain.csproj", "{05741CAD-C9F4-4DA2-8C74-1109A713326C}"
EndProject
Project("{FAE04EC0-301F-11D3-BF4B-00C04F79EFBC}") = "Vermillion.Attendance.Domain", "backend\Vermillion.Attendance.Domain\Vermillion.Attendance.Domain.csproj", "{0E015A3D-3BF9-4B6E-B41D-CC54225A2FCA}"
EndProject
Project("{FAE04EC0-301F-11D3-BF4B-00C04F79EFBC}") = "Vermillion.EntryExit.Domain", "backend\Vermillion.EntryExit.Domain\Vermillion.EntryExit.Domain.csproj", "{B6F9DAF6-D222-4C3F-8C0C-DCF5488CB3A5}"
EndProject
Project("{FAE04EC0-301F-11D3-BF4B-00C04F79EFBC}") = "Vermillion.API", "backend\Vermillion.API\Vermillion.API.csproj", "{558C312F-8AC1-4DA5-87DE-65A838D1275E}"
EndProject
Project("{FAE04EC0-301F-11D3-BF4B-00C04F79EFBC}") = "Vermillion.Shared.Domain", "backend\Vermillion.Shared.Domain\Vermillion.Shared.Domain.csproj", "{47843477-D778-40CC-8AB7-270852252B03}"
EndProject
Global
	GlobalSection(SolutionConfigurationPlatforms) = preSolution
		Debug|Any CPU = Debug|Any CPU
		Release|Any CPU = Release|Any CPU
	EndGlobalSection
	GlobalSection(SolutionProperties) = preSolution
		HideSolutionNode = FALSE
	EndGlobalSection
	GlobalSection(ProjectConfigurationPlatforms) = postSolution
		{05741CAD-C9F4-4DA2-8C74-1109A713326C}.Debug|Any CPU.ActiveCfg = Debug|Any CPU
		{05741CAD-C9F4-4DA2-8C74-1109A713326C}.Debug|Any CPU.Build.0 = Debug|Any CPU
		{05741CAD-C9F4-4DA2-8C74-1109A713326C}.Release|Any CPU.ActiveCfg = Release|Any CPU
		{05741CAD-C9F4-4DA2-8C74-1109A713326C}.Release|Any CPU.Build.0 = Release|Any CPU
		{0E015A3D-3BF9-4B6E-B41D-CC54225A2FCA}.Debug|Any CPU.ActiveCfg = Debug|Any CPU
		{0E015A3D-3BF9-4B6E-B41D-CC54225A2FCA}.Debug|Any CPU.Build.0 = Debug|Any CPU
		{0E015A3D-3BF9-4B6E-B41D-CC54225A2FCA}.Release|Any CPU.ActiveCfg = Release|Any CPU
		{0E015A3D-3BF9-4B6E-B41D-CC54225A2FCA}.Release|Any CPU.Build.0 = Release|Any CPU
		{B6F9DAF6-D222-4C3F-8C0C-DCF5488CB3A5}.Debug|Any CPU.ActiveCfg = Debug|Any CPU
		{B6F9DAF6-D222-4C3F-8C0C-DCF5488CB3A5}.Debug|Any CPU.Build.0 = Debug|Any CPU
		{B6F9DAF6-D222-4C3F-8C0C-DCF5488CB3A5}.Release|Any CPU.ActiveCfg = Release|Any CPU
		{B6F9DAF6-D222-4C3F-8C0C-DCF5488CB3A5}.Release|Any CPU.Build.0 = Release|Any CPU
		{558C312F-8AC1-4DA5-87DE-65A838D1275E}.Debug|Any CPU.ActiveCfg = Debug|Any CPU
		{558C312F-8AC1-4DA5-87DE-65A838D1275E}.Debug|Any CPU.Build.0 = Debug|Any CPU
		{558C312F-8AC1-4DA5-87DE-65A838D1275E}.Release|Any CPU.ActiveCfg = Release|Any CPU
		{558C312F-8AC1-4DA5-87DE-65A838D1275E}.Release|Any CPU.Build.0 = Release|Any CPU
		{47843477-D778-40CC-8AB7-270852252B03}.Debug|Any CPU.ActiveCfg = Debug|Any CPU
		{47843477-D778-40CC-8AB7-270852252B03}.Debug|Any CPU.Build.0 = Debug|Any CPU
		{47843477-D778-40CC-8AB7-270852252B03}.Release|Any CPU.ActiveCfg = Release|Any CPU
		{47843477-D778-40CC-8AB7-270852252B03}.Release|Any CPU.Build.0 = Release|Any CPU
	EndGlobalSection
	GlobalSection(NestedProjects) = preSolution
		{05741CAD-C9F4-4DA2-8C74-1109A713326C} = {0EFA30A3-B71F-432F-A018-E5B1A5C410CF}
		{0E015A3D-3BF9-4B6E-B41D-CC54225A2FCA} = {0EFA30A3-B71F-432F-A018-E5B1A5C410CF}
		{B6F9DAF6-D222-4C3F-8C0C-DCF5488CB3A5} = {0EFA30A3-B71F-432F-A018-E5B1A5C410CF}
		{558C312F-8AC1-4DA5-87DE-65A838D1275E} = {0EFA30A3-B71F-432F-A018-E5B1A5C410CF}
		{47843477-D778-40CC-8AB7-270852252B03} = {0EFA30A3-B71F-432F-A018-E5B1A5C410CF}
	EndGlobalSection
EndGlobal
